
Microsoft Visual Studio Solution File, Format Version 12.00
# Visual Studio Version 17
VisualStudioVersion = 17.5.33516.290
MinimumVisualStudioVersion = 10.0.40219.1
Project("{FAE04EC0-301F-11D3-BF4B-00C04F79EFBC}") = "7.1", "7.1\7.1.csproj", "{96BD5D8E-5CD3-466B-8FA0-0FC781D02868}"
EndProject
Global
	GlobalSection(SolutionConfigurationPlatforms) = preSolution
		Debug|Any CPU = Debug|Any CPU
		Release|Any CPU = Release|Any CPU
	EndGlobalSection
	GlobalSection(ProjectConfigurationPlatforms) = postSolution
		{96BD5D8E-5CD3-466B-8FA0-0FC781D02868}.Debug|Any CPU.ActiveCfg = Debug|Any CPU
		{96BD5D8E-5CD3-466B-8FA0-0FC781D02868}.Debug|Any CPU.Build.0 = Debug|Any CPU
		{96BD5D8E-5CD3-466B-8FA0-0FC781D02868}.Release|Any CPU.ActiveCfg = Release|Any CPU
		{96BD5D8E-5CD3-466B-8FA0-0FC781D02868}.Release|Any CPU.Build.0 = Release|Any CPU
	EndGlobalSection
	GlobalSection(SolutionProperties) = preSolution
		HideSolutionNode = FALSE
	EndGlobalSection
	GlobalSection(ExtensibilityGlobals) = postSolution
		SolutionGuid = {2182943E-D455-41D5-8AED-E0CB3974A6FE}
	EndGlobalSection
EndGlobal
