
Microsoft Visual Studio Solution File, Format Version 12.00
Project("{FAE04EC0-301F-11D3-BF4B-00C04F79EFBC}") = "Zadanie2", "Zadanie2\Zadanie2.csproj", "{72DE585E-6F7F-4B06-80A5-D294AAB3430E}"
EndProject
Project("{FAE04EC0-301F-11D3-BF4B-00C04F79EFBC}") = "Zadanie3", "Zadanie3\Zadanie3.csproj", "{1A773D9E-8FEC-44E7-A547-28BC535965C1}"
EndProject
Global
	GlobalSection(SolutionConfigurationPlatforms) = preSolution
		Debug|Any CPU = Debug|Any CPU
		Release|Any CPU = Release|Any CPU
	EndGlobalSection
	GlobalSection(ProjectConfigurationPlatforms) = postSolution
		{72DE585E-6F7F-4B06-80A5-D294AAB3430E}.Debug|Any CPU.ActiveCfg = Debug|Any CPU
		{72DE585E-6F7F-4B06-80A5-D294AAB3430E}.Debug|Any CPU.Build.0 = Debug|Any CPU
		{72DE585E-6F7F-4B06-80A5-D294AAB3430E}.Release|Any CPU.ActiveCfg = Release|Any CPU
		{72DE585E-6F7F-4B06-80A5-D294AAB3430E}.Release|Any CPU.Build.0 = Release|Any CPU
		{1A773D9E-8FEC-44E7-A547-28BC535965C1}.Debug|Any CPU.ActiveCfg = Debug|Any CPU
		{1A773D9E-8FEC-44E7-A547-28BC535965C1}.Debug|Any CPU.Build.0 = Debug|Any CPU
		{1A773D9E-8FEC-44E7-A547-28BC535965C1}.Release|Any CPU.ActiveCfg = Release|Any CPU
		{1A773D9E-8FEC-44E7-A547-28BC535965C1}.Release|Any CPU.Build.0 = Release|Any CPU
	EndGlobalSection
EndGlobal
