
Microsoft Visual Studio Solution File, Format Version 12.00
# Visual Studio Version 16
VisualStudioVersion = 25.0.1705.0
MinimumVisualStudioVersion = 10.0.40219.1
Project("{FAE04EC0-301F-11D3-BF4B-00C04F79EFBC}") = "Zadanie1Lista1", "Zadanie1Lista1.csproj", "{BB07A0DD-ABA6-4DCC-B597-B4F27B89A695}"
EndProject
Global
	GlobalSection(SolutionConfigurationPlatforms) = preSolution
		Debug|Any CPU = Debug|Any CPU
		Release|Any CPU = Release|Any CPU
	EndGlobalSection
	GlobalSection(ProjectConfigurationPlatforms) = postSolution
		{BB07A0DD-ABA6-4DCC-B597-B4F27B89A695}.Debug|Any CPU.ActiveCfg = Debug|Any CPU
		{BB07A0DD-ABA6-4DCC-B597-B4F27B89A695}.Debug|Any CPU.Build.0 = Debug|Any CPU
		{BB07A0DD-ABA6-4DCC-B597-B4F27B89A695}.Release|Any CPU.ActiveCfg = Release|Any CPU
		{BB07A0DD-ABA6-4DCC-B597-B4F27B89A695}.Release|Any CPU.Build.0 = Release|Any CPU
	EndGlobalSection
	GlobalSection(SolutionProperties) = preSolution
		HideSolutionNode = FALSE
	EndGlobalSection
	GlobalSection(ExtensibilityGlobals) = postSolution
		SolutionGuid = {DDC48967-6D34-4BEF-9D35-8A638B0EA3FF}
	EndGlobalSection
EndGlobal
