
Microsoft Visual Studio Solution File, Format Version 12.00
# Visual Studio Version 17
VisualStudioVersion = 17.5.33516.290
MinimumVisualStudioVersion = 10.0.40219.1
Project("{FAE04EC0-301F-11D3-BF4B-00C04F79EFBC}") = "9.3", "9.3\9.3.csproj", "{B05E4BC7-BE40-4E2C-BFC8-BEA13BE079D4}"
EndProject
Global
	GlobalSection(SolutionConfigurationPlatforms) = preSolution
		Debug|Any CPU = Debug|Any CPU
		Release|Any CPU = Release|Any CPU
	EndGlobalSection
	GlobalSection(ProjectConfigurationPlatforms) = postSolution
		{B05E4BC7-BE40-4E2C-BFC8-BEA13BE079D4}.Debug|Any CPU.ActiveCfg = Debug|Any CPU
		{B05E4BC7-BE40-4E2C-BFC8-BEA13BE079D4}.Debug|Any CPU.Build.0 = Debug|Any CPU
		{B05E4BC7-BE40-4E2C-BFC8-BEA13BE079D4}.Release|Any CPU.ActiveCfg = Release|Any CPU
		{B05E4BC7-BE40-4E2C-BFC8-BEA13BE079D4}.Release|Any CPU.Build.0 = Release|Any CPU
	EndGlobalSection
	GlobalSection(SolutionProperties) = preSolution
		HideSolutionNode = FALSE
	EndGlobalSection
	GlobalSection(ExtensibilityGlobals) = postSolution
		SolutionGuid = {41206896-CE2E-4EEC-81FB-C8640A32867C}
	EndGlobalSection
EndGlobal
